
Microsoft Visual Studio Solution File, Format Version 12.00
# Visual Studio Version 17
VisualStudioVersion = 17.13.35825.156 d17.13
MinimumVisualStudioVersion = 10.0.40219.1
Project("{8BC9CEB8-8B4A-11D0-8D11-00A0C91BC942}") = "2025.09.10", "2025.09.10\2025.09.10.vcxproj", "{953105AF-09A2-4852-B2DA-564A9822F1A9}"
EndProject
Project("{8BC9CEB8-8B4A-11D0-8D11-00A0C91BC942}") = "2025.09.17", "2025.09.17\2025.09.17.vcxproj", "{AD032200-2820-486A-BA00-7A29C18C2D75}"
EndProject
Global
	GlobalSection(SolutionConfigurationPlatforms) = preSolution
		Debug|x64 = Debug|x64
		Debug|x86 = Debug|x86
		Release|x64 = Release|x64
		Release|x86 = Release|x86
	EndGlobalSection
	GlobalSection(ProjectConfigurationPlatforms) = postSolution
		{953105AF-09A2-4852-B2DA-564A9822F1A9}.Debug|x64.ActiveCfg = Debug|x64
		{953105AF-09A2-4852-B2DA-564A9822F1A9}.Debug|x64.Build.0 = Debug|x64
		{953105AF-09A2-4852-B2DA-564A9822F1A9}.Debug|x86.ActiveCfg = Debug|Win32
		{953105AF-09A2-4852-B2DA-564A9822F1A9}.Debug|x86.Build.0 = Debug|Win32
		{953105AF-09A2-4852-B2DA-564A9822F1A9}.Release|x64.ActiveCfg = Release|x64
		{953105AF-09A2-4852-B2DA-564A9822F1A9}.Release|x64.Build.0 = Release|x64
		{953105AF-09A2-4852-B2DA-564A9822F1A9}.Release|x86.ActiveCfg = Release|Win32
		{953105AF-09A2-4852-B2DA-564A9822F1A9}.Release|x86.Build.0 = Release|Win32
		{AD032200-2820-486A-BA00-7A29C18C2D75}.Debug|x64.ActiveCfg = Debug|x64
		{AD032200-2820-486A-BA00-7A29C18C2D75}.Debug|x64.Build.0 = Debug|x64
		{AD032200-2820-486A-BA00-7A29C18C2D75}.Debug|x86.ActiveCfg = Debug|Win32
		{AD032200-2820-486A-BA00-7A29C18C2D75}.Debug|x86.Build.0 = Debug|Win32
		{AD032200-2820-486A-BA00-7A29C18C2D75}.Release|x64.ActiveCfg = Release|x64
		{AD032200-2820-486A-BA00-7A29C18C2D75}.Release|x64.Build.0 = Release|x64
		{AD032200-2820-486A-BA00-7A29C18C2D75}.Release|x86.ActiveCfg = Release|Win32
		{AD032200-2820-486A-BA00-7A29C18C2D75}.Release|x86.Build.0 = Release|Win32
	EndGlobalSection
	GlobalSection(SolutionProperties) = preSolution
		HideSolutionNode = FALSE
	EndGlobalSection
	GlobalSection(ExtensibilityGlobals) = postSolution
		SolutionGuid = {1057DF5F-50CC-4AA5-A194-E1D404973BD2}
	EndGlobalSection
EndGlobal
