
Microsoft Visual Studio Solution File, Format Version 12.00
# Visual Studio Version 17
VisualStudioVersion = 17.13.35825.156
MinimumVisualStudioVersion = 10.0.40219.1
Project("{8BC9CEB8-8B4A-11D0-8D11-00A0C91BC942}") = "2025.09.10", "2025.09.10\2025.09.10.vcxproj", "{953105AF-09A2-4852-B2DA-564A9822F1A9}"
EndProject
Project("{8BC9CEB8-8B4A-11D0-8D11-00A0C91BC942}") = "2025.09.17", "2025.09.17\2025.09.17.vcxproj", "{AD032200-2820-486A-BA00-7A29C18C2D75}"
EndProject
Project("{8BC9CEB8-8B4A-11D0-8D11-00A0C91BC942}") = "ClipBoard", "참고용 코드\참고용 코드.vcxproj", "{6820CBFC-BA5E-4604-9143-A0470B66CE15}"
EndProject
Project("{8BC9CEB8-8B4A-11D0-8D11-00A0C91BC942}") = "HW03", "HW03\HW03.vcxproj", "{84ADC0A8-1291-4ABB-A178-E8358827D7C9}"
EndProject
Project("{8BC9CEB8-8B4A-11D0-8D11-00A0C91BC942}") = "2025.09.24", "2025.09.24\2025.09.24.vcxproj", "{AA6BE9D1-EB59-4F0B-A9BC-B4A4CF7EAA3B}"
EndProject
Project("{8BC9CEB8-8B4A-11D0-8D11-00A0C91BC942}") = "HW03 정답", "HW03 정답\HW03 정답.vcxproj", "{2C428C66-A551-4722-82CA-D083E01F0B8D}"
EndProject
Project("{8BC9CEB8-8B4A-11D0-8D11-00A0C91BC942}") = "HW02-2 Array", "HW02-2 Array\HW02-2 Array.vcxproj", "{2288FA43-C2A5-4771-B591-AC1F981239DF}"
EndProject
Project("{8BC9CEB8-8B4A-11D0-8D11-00A0C91BC942}") = "2025.10.15-1", "2025.10.15\2025.10.15.vcxproj", "{CAAEA243-78F0-49D9-8FD6-0A07BE52C36E}"
EndProject
Project("{8BC9CEB8-8B4A-11D0-8D11-00A0C91BC942}") = "2025.10.15-2", "2025.10.15-2\2025.10.15-2.vcxproj", "{639C7047-4B20-47E1-9900-9575C032C55B}"
EndProject
Project("{8BC9CEB8-8B4A-11D0-8D11-00A0C91BC942}") = "2025.10.22", "2025.10.22\2025.10.22.vcxproj", "{B3323D99-6594-4F90-B653-4D5B2589C910}"
EndProject
Project("{8BC9CEB8-8B4A-11D0-8D11-00A0C91BC942}") = "2025.10.29", "2025.10.29\2025.10.29.vcxproj", "{AE6C757E-A0C0-4AF4-8696-0C00A18F772B}"
EndProject
Project("{8BC9CEB8-8B4A-11D0-8D11-00A0C91BC942}") = "2025.10.29-1", "2025.10.29-1\2025.10.29-1.vcxproj", "{E6824147-7805-4113-B505-A9ADC5D05ADE}"
EndProject
Project("{8BC9CEB8-8B4A-11D0-8D11-00A0C91BC942}") = "midterm exam test", "midterm exam test\midterm exam test.vcxproj", "{FBC680D9-F472-498C-B595-F11BDC900F3B}"
EndProject
Project("{8BC9CEB8-8B4A-11D0-8D11-00A0C91BC942}") = "2025.11.19-1", "2025.11.19-1\2025.11.19-1.vcxproj", "{35EE90AA-96CE-4C5C-B018-8EA274D2BBF6}"
EndProject
Project("{8BC9CEB8-8B4A-11D0-8D11-00A0C91BC942}") = "2025.11.19-2", "2025.11.19-2\2025.11.19-2.vcxproj", "{BFD13967-7CC3-45BD-98CA-EAE522811BF2}"
EndProject
Project("{8BC9CEB8-8B4A-11D0-8D11-00A0C91BC942}") = "Lecture11_Assignment", "Lecture11_Assignment\Lecture11_Assignment.vcxproj", "{C46AD389-17B6-440D-AD19-5D5C224CC758}"
EndProject
Project("{8BC9CEB8-8B4A-11D0-8D11-00A0C91BC942}") = "2025.11.26-1", "2025.11.26-1\2025.11.26-1.vcxproj", "{C36D8DCC-C55E-4693-B23A-C6FCB3A8BBAB}"
EndProject
Project("{8BC9CEB8-8B4A-11D0-8D11-00A0C91BC942}") = "2025.11.26-2", "2025.11.26-2\2025.11.26-2.vcxproj", "{E828B417-5151-4B59-9B65-C53597CFCBCA}"
EndProject
Global
	GlobalSection(SolutionConfigurationPlatforms) = preSolution
		Debug|x64 = Debug|x64
		Debug|x86 = Debug|x86
		Release|x64 = Release|x64
		Release|x86 = Release|x86
	EndGlobalSection
	GlobalSection(ProjectConfigurationPlatforms) = postSolution
		{953105AF-09A2-4852-B2DA-564A9822F1A9}.Debug|x64.ActiveCfg = Debug|x64
		{953105AF-09A2-4852-B2DA-564A9822F1A9}.Debug|x64.Build.0 = Debug|x64
		{953105AF-09A2-4852-B2DA-564A9822F1A9}.Debug|x86.ActiveCfg = Debug|Win32
		{953105AF-09A2-4852-B2DA-564A9822F1A9}.Debug|x86.Build.0 = Debug|Win32
		{953105AF-09A2-4852-B2DA-564A9822F1A9}.Release|x64.ActiveCfg = Release|x64
		{953105AF-09A2-4852-B2DA-564A9822F1A9}.Release|x64.Build.0 = Release|x64
		{953105AF-09A2-4852-B2DA-564A9822F1A9}.Release|x86.ActiveCfg = Release|Win32
		{953105AF-09A2-4852-B2DA-564A9822F1A9}.Release|x86.Build.0 = Release|Win32
		{AD032200-2820-486A-BA00-7A29C18C2D75}.Debug|x64.ActiveCfg = Debug|x64
		{AD032200-2820-486A-BA00-7A29C18C2D75}.Debug|x64.Build.0 = Debug|x64
		{AD032200-2820-486A-BA00-7A29C18C2D75}.Debug|x86.ActiveCfg = Debug|Win32
		{AD032200-2820-486A-BA00-7A29C18C2D75}.Debug|x86.Build.0 = Debug|Win32
		{AD032200-2820-486A-BA00-7A29C18C2D75}.Release|x64.ActiveCfg = Release|x64
		{AD032200-2820-486A-BA00-7A29C18C2D75}.Release|x64.Build.0 = Release|x64
		{AD032200-2820-486A-BA00-7A29C18C2D75}.Release|x86.ActiveCfg = Release|Win32
		{AD032200-2820-486A-BA00-7A29C18C2D75}.Release|x86.Build.0 = Release|Win32
		{6820CBFC-BA5E-4604-9143-A0470B66CE15}.Debug|x64.ActiveCfg = Debug|x64
		{6820CBFC-BA5E-4604-9143-A0470B66CE15}.Debug|x64.Build.0 = Debug|x64
		{6820CBFC-BA5E-4604-9143-A0470B66CE15}.Debug|x86.ActiveCfg = Debug|Win32
		{6820CBFC-BA5E-4604-9143-A0470B66CE15}.Debug|x86.Build.0 = Debug|Win32
		{6820CBFC-BA5E-4604-9143-A0470B66CE15}.Release|x64.ActiveCfg = Release|x64
		{6820CBFC-BA5E-4604-9143-A0470B66CE15}.Release|x64.Build.0 = Release|x64
		{6820CBFC-BA5E-4604-9143-A0470B66CE15}.Release|x86.ActiveCfg = Release|Win32
		{6820CBFC-BA5E-4604-9143-A0470B66CE15}.Release|x86.Build.0 = Release|Win32
		{84ADC0A8-1291-4ABB-A178-E8358827D7C9}.Debug|x64.ActiveCfg = Debug|x64
		{84ADC0A8-1291-4ABB-A178-E8358827D7C9}.Debug|x64.Build.0 = Debug|x64
		{84ADC0A8-1291-4ABB-A178-E8358827D7C9}.Debug|x86.ActiveCfg = Debug|Win32
		{84ADC0A8-1291-4ABB-A178-E8358827D7C9}.Debug|x86.Build.0 = Debug|Win32
		{84ADC0A8-1291-4ABB-A178-E8358827D7C9}.Release|x64.ActiveCfg = Release|x64
		{84ADC0A8-1291-4ABB-A178-E8358827D7C9}.Release|x64.Build.0 = Release|x64
		{84ADC0A8-1291-4ABB-A178-E8358827D7C9}.Release|x86.ActiveCfg = Release|Win32
		{84ADC0A8-1291-4ABB-A178-E8358827D7C9}.Release|x86.Build.0 = Release|Win32
		{AA6BE9D1-EB59-4F0B-A9BC-B4A4CF7EAA3B}.Debug|x64.ActiveCfg = Debug|x64
		{AA6BE9D1-EB59-4F0B-A9BC-B4A4CF7EAA3B}.Debug|x64.Build.0 = Debug|x64
		{AA6BE9D1-EB59-4F0B-A9BC-B4A4CF7EAA3B}.Debug|x86.ActiveCfg = Debug|Win32
		{AA6BE9D1-EB59-4F0B-A9BC-B4A4CF7EAA3B}.Debug|x86.Build.0 = Debug|Win32
		{AA6BE9D1-EB59-4F0B-A9BC-B4A4CF7EAA3B}.Release|x64.ActiveCfg = Release|x64
		{AA6BE9D1-EB59-4F0B-A9BC-B4A4CF7EAA3B}.Release|x64.Build.0 = Release|x64
		{AA6BE9D1-EB59-4F0B-A9BC-B4A4CF7EAA3B}.Release|x86.ActiveCfg = Release|Win32
		{AA6BE9D1-EB59-4F0B-A9BC-B4A4CF7EAA3B}.Release|x86.Build.0 = Release|Win32
		{2C428C66-A551-4722-82CA-D083E01F0B8D}.Debug|x64.ActiveCfg = Debug|x64
		{2C428C66-A551-4722-82CA-D083E01F0B8D}.Debug|x64.Build.0 = Debug|x64
		{2C428C66-A551-4722-82CA-D083E01F0B8D}.Debug|x86.ActiveCfg = Debug|Win32
		{2C428C66-A551-4722-82CA-D083E01F0B8D}.Debug|x86.Build.0 = Debug|Win32
		{2C428C66-A551-4722-82CA-D083E01F0B8D}.Release|x64.ActiveCfg = Release|x64
		{2C428C66-A551-4722-82CA-D083E01F0B8D}.Release|x64.Build.0 = Release|x64
		{2C428C66-A551-4722-82CA-D083E01F0B8D}.Release|x86.ActiveCfg = Release|Win32
		{2C428C66-A551-4722-82CA-D083E01F0B8D}.Release|x86.Build.0 = Release|Win32
		{2288FA43-C2A5-4771-B591-AC1F981239DF}.Debug|x64.ActiveCfg = Debug|x64
		{2288FA43-C2A5-4771-B591-AC1F981239DF}.Debug|x64.Build.0 = Debug|x64
		{2288FA43-C2A5-4771-B591-AC1F981239DF}.Debug|x86.ActiveCfg = Debug|Win32
		{2288FA43-C2A5-4771-B591-AC1F981239DF}.Debug|x86.Build.0 = Debug|Win32
		{2288FA43-C2A5-4771-B591-AC1F981239DF}.Release|x64.ActiveCfg = Release|x64
		{2288FA43-C2A5-4771-B591-AC1F981239DF}.Release|x64.Build.0 = Release|x64
		{2288FA43-C2A5-4771-B591-AC1F981239DF}.Release|x86.ActiveCfg = Release|Win32
		{2288FA43-C2A5-4771-B591-AC1F981239DF}.Release|x86.Build.0 = Release|Win32
		{CAAEA243-78F0-49D9-8FD6-0A07BE52C36E}.Debug|x64.ActiveCfg = Debug|x64
		{CAAEA243-78F0-49D9-8FD6-0A07BE52C36E}.Debug|x64.Build.0 = Debug|x64
		{CAAEA243-78F0-49D9-8FD6-0A07BE52C36E}.Debug|x86.ActiveCfg = Debug|Win32
		{CAAEA243-78F0-49D9-8FD6-0A07BE52C36E}.Debug|x86.Build.0 = Debug|Win32
		{CAAEA243-78F0-49D9-8FD6-0A07BE52C36E}.Release|x64.ActiveCfg = Release|x64
		{CAAEA243-78F0-49D9-8FD6-0A07BE52C36E}.Release|x64.Build.0 = Release|x64
		{CAAEA243-78F0-49D9-8FD6-0A07BE52C36E}.Release|x86.ActiveCfg = Release|Win32
		{CAAEA243-78F0-49D9-8FD6-0A07BE52C36E}.Release|x86.Build.0 = Release|Win32
		{639C7047-4B20-47E1-9900-9575C032C55B}.Debug|x64.ActiveCfg = Debug|x64
		{639C7047-4B20-47E1-9900-9575C032C55B}.Debug|x64.Build.0 = Debug|x64
		{639C7047-4B20-47E1-9900-9575C032C55B}.Debug|x86.ActiveCfg = Debug|Win32
		{639C7047-4B20-47E1-9900-9575C032C55B}.Debug|x86.Build.0 = Debug|Win32
		{639C7047-4B20-47E1-9900-9575C032C55B}.Release|x64.ActiveCfg = Release|x64
		{639C7047-4B20-47E1-9900-9575C032C55B}.Release|x64.Build.0 = Release|x64
		{639C7047-4B20-47E1-9900-9575C032C55B}.Release|x86.ActiveCfg = Release|Win32
		{639C7047-4B20-47E1-9900-9575C032C55B}.Release|x86.Build.0 = Release|Win32
		{B3323D99-6594-4F90-B653-4D5B2589C910}.Debug|x64.ActiveCfg = Debug|x64
		{B3323D99-6594-4F90-B653-4D5B2589C910}.Debug|x64.Build.0 = Debug|x64
		{B3323D99-6594-4F90-B653-4D5B2589C910}.Debug|x86.ActiveCfg = Debug|Win32
		{B3323D99-6594-4F90-B653-4D5B2589C910}.Debug|x86.Build.0 = Debug|Win32
		{B3323D99-6594-4F90-B653-4D5B2589C910}.Release|x64.ActiveCfg = Release|x64
		{B3323D99-6594-4F90-B653-4D5B2589C910}.Release|x64.Build.0 = Release|x64
		{B3323D99-6594-4F90-B653-4D5B2589C910}.Release|x86.ActiveCfg = Release|Win32
		{B3323D99-6594-4F90-B653-4D5B2589C910}.Release|x86.Build.0 = Release|Win32
		{AE6C757E-A0C0-4AF4-8696-0C00A18F772B}.Debug|x64.ActiveCfg = Debug|x64
		{AE6C757E-A0C0-4AF4-8696-0C00A18F772B}.Debug|x64.Build.0 = Debug|x64
		{AE6C757E-A0C0-4AF4-8696-0C00A18F772B}.Debug|x86.ActiveCfg = Debug|Win32
		{AE6C757E-A0C0-4AF4-8696-0C00A18F772B}.Debug|x86.Build.0 = Debug|Win32
		{AE6C757E-A0C0-4AF4-8696-0C00A18F772B}.Release|x64.ActiveCfg = Release|x64
		{AE6C757E-A0C0-4AF4-8696-0C00A18F772B}.Release|x64.Build.0 = Release|x64
		{AE6C757E-A0C0-4AF4-8696-0C00A18F772B}.Release|x86.ActiveCfg = Release|Win32
		{AE6C757E-A0C0-4AF4-8696-0C00A18F772B}.Release|x86.Build.0 = Release|Win32
		{E6824147-7805-4113-B505-A9ADC5D05ADE}.Debug|x64.ActiveCfg = Debug|x64
		{E6824147-7805-4113-B505-A9ADC5D05ADE}.Debug|x64.Build.0 = Debug|x64
		{E6824147-7805-4113-B505-A9ADC5D05ADE}.Debug|x86.ActiveCfg = Debug|Win32
		{E6824147-7805-4113-B505-A9ADC5D05ADE}.Debug|x86.Build.0 = Debug|Win32
		{E6824147-7805-4113-B505-A9ADC5D05ADE}.Release|x64.ActiveCfg = Release|x64
		{E6824147-7805-4113-B505-A9ADC5D05ADE}.Release|x64.Build.0 = Release|x64
		{E6824147-7805-4113-B505-A9ADC5D05ADE}.Release|x86.ActiveCfg = Release|Win32
		{E6824147-7805-4113-B505-A9ADC5D05ADE}.Release|x86.Build.0 = Release|Win32
		{FBC680D9-F472-498C-B595-F11BDC900F3B}.Debug|x64.ActiveCfg = Debug|x64
		{FBC680D9-F472-498C-B595-F11BDC900F3B}.Debug|x64.Build.0 = Debug|x64
		{FBC680D9-F472-498C-B595-F11BDC900F3B}.Debug|x86.ActiveCfg = Debug|Win32
		{FBC680D9-F472-498C-B595-F11BDC900F3B}.Debug|x86.Build.0 = Debug|Win32
		{FBC680D9-F472-498C-B595-F11BDC900F3B}.Release|x64.ActiveCfg = Release|x64
		{FBC680D9-F472-498C-B595-F11BDC900F3B}.Release|x64.Build.0 = Release|x64
		{FBC680D9-F472-498C-B595-F11BDC900F3B}.Release|x86.ActiveCfg = Release|Win32
		{FBC680D9-F472-498C-B595-F11BDC900F3B}.Release|x86.Build.0 = Release|Win32
		{35EE90AA-96CE-4C5C-B018-8EA274D2BBF6}.Debug|x64.ActiveCfg = Debug|x64
		{35EE90AA-96CE-4C5C-B018-8EA274D2BBF6}.Debug|x64.Build.0 = Debug|x64
		{35EE90AA-96CE-4C5C-B018-8EA274D2BBF6}.Debug|x86.ActiveCfg = Debug|Win32
		{35EE90AA-96CE-4C5C-B018-8EA274D2BBF6}.Debug|x86.Build.0 = Debug|Win32
		{35EE90AA-96CE-4C5C-B018-8EA274D2BBF6}.Release|x64.ActiveCfg = Release|x64
		{35EE90AA-96CE-4C5C-B018-8EA274D2BBF6}.Release|x64.Build.0 = Release|x64
		{35EE90AA-96CE-4C5C-B018-8EA274D2BBF6}.Release|x86.ActiveCfg = Release|Win32
		{35EE90AA-96CE-4C5C-B018-8EA274D2BBF6}.Release|x86.Build.0 = Release|Win32
		{BFD13967-7CC3-45BD-98CA-EAE522811BF2}.Debug|x64.ActiveCfg = Debug|x64
		{BFD13967-7CC3-45BD-98CA-EAE522811BF2}.Debug|x64.Build.0 = Debug|x64
		{BFD13967-7CC3-45BD-98CA-EAE522811BF2}.Debug|x86.ActiveCfg = Debug|Win32
		{BFD13967-7CC3-45BD-98CA-EAE522811BF2}.Debug|x86.Build.0 = Debug|Win32
		{BFD13967-7CC3-45BD-98CA-EAE522811BF2}.Release|x64.ActiveCfg = Release|x64
		{BFD13967-7CC3-45BD-98CA-EAE522811BF2}.Release|x64.Build.0 = Release|x64
		{BFD13967-7CC3-45BD-98CA-EAE522811BF2}.Release|x86.ActiveCfg = Release|Win32
		{BFD13967-7CC3-45BD-98CA-EAE522811BF2}.Release|x86.Build.0 = Release|Win32
		{C46AD389-17B6-440D-AD19-5D5C224CC758}.Debug|x64.ActiveCfg = Debug|x64
		{C46AD389-17B6-440D-AD19-5D5C224CC758}.Debug|x64.Build.0 = Debug|x64
		{C46AD389-17B6-440D-AD19-5D5C224CC758}.Debug|x86.ActiveCfg = Debug|Win32
		{C46AD389-17B6-440D-AD19-5D5C224CC758}.Debug|x86.Build.0 = Debug|Win32
		{C46AD389-17B6-440D-AD19-5D5C224CC758}.Release|x64.ActiveCfg = Release|x64
		{C46AD389-17B6-440D-AD19-5D5C224CC758}.Release|x64.Build.0 = Release|x64
		{C46AD389-17B6-440D-AD19-5D5C224CC758}.Release|x86.ActiveCfg = Release|Win32
		{C46AD389-17B6-440D-AD19-5D5C224CC758}.Release|x86.Build.0 = Release|Win32
		{C36D8DCC-C55E-4693-B23A-C6FCB3A8BBAB}.Debug|x64.ActiveCfg = Debug|x64
		{C36D8DCC-C55E-4693-B23A-C6FCB3A8BBAB}.Debug|x64.Build.0 = Debug|x64
		{C36D8DCC-C55E-4693-B23A-C6FCB3A8BBAB}.Debug|x86.ActiveCfg = Debug|Win32
		{C36D8DCC-C55E-4693-B23A-C6FCB3A8BBAB}.Debug|x86.Build.0 = Debug|Win32
		{C36D8DCC-C55E-4693-B23A-C6FCB3A8BBAB}.Release|x64.ActiveCfg = Release|x64
		{C36D8DCC-C55E-4693-B23A-C6FCB3A8BBAB}.Release|x64.Build.0 = Release|x64
		{C36D8DCC-C55E-4693-B23A-C6FCB3A8BBAB}.Release|x86.ActiveCfg = Release|Win32
		{C36D8DCC-C55E-4693-B23A-C6FCB3A8BBAB}.Release|x86.Build.0 = Release|Win32
		{E828B417-5151-4B59-9B65-C53597CFCBCA}.Debug|x64.ActiveCfg = Debug|x64
		{E828B417-5151-4B59-9B65-C53597CFCBCA}.Debug|x64.Build.0 = Debug|x64
		{E828B417-5151-4B59-9B65-C53597CFCBCA}.Debug|x86.ActiveCfg = Debug|Win32
		{E828B417-5151-4B59-9B65-C53597CFCBCA}.Debug|x86.Build.0 = Debug|Win32
		{E828B417-5151-4B59-9B65-C53597CFCBCA}.Release|x64.ActiveCfg = Release|x64
		{E828B417-5151-4B59-9B65-C53597CFCBCA}.Release|x64.Build.0 = Release|x64
		{E828B417-5151-4B59-9B65-C53597CFCBCA}.Release|x86.ActiveCfg = Release|Win32
		{E828B417-5151-4B59-9B65-C53597CFCBCA}.Release|x86.Build.0 = Release|Win32
	EndGlobalSection
	GlobalSection(SolutionProperties) = preSolution
		HideSolutionNode = FALSE
	EndGlobalSection
	GlobalSection(ExtensibilityGlobals) = postSolution
		SolutionGuid = {1057DF5F-50CC-4AA5-A194-E1D404973BD2}
	EndGlobalSection
EndGlobal
